# This file was autogenerated by Stack.
# You should not edit this file by hand.
# For more information, please see the documentation at:
#   https://docs.haskellstack.org/en/stable/lock_files

packages: []
snapshots:
- completed:
    sha256: 2028af089673fd8493ab86a83413d6eb1b6cc86e1a12d8447530ed4a1476ab9f
    size: 540866
    url: https://raw.githubusercontent.com/commercialhaskell/stackage-snapshots/master/nightly/2022/11/19.yaml
  original: nightly-2022-11-19
